{
  "originHash" : "3629fbd16d4b66be2dfb17237075b9853de850cd02db6ebe7d9c123098004520",
  "pins" : [
    {
      "identity" : "grdb.swift",
      "kind" : "remoteSourceControl",
      "location" : "https://github.com/groue/GRDB.swift",
      "state" : {
        "revision" : "36e30a6f1ef10e4194f6af0cff90888526f0c115",
        "version" : "7.10.0"
      }
    }
  ],
  "version" : 3
}
